// !$*UTF8*$!
{
	archiveVersion = 1;
	classes = {
	};
	objectVersion = 50;
	objects = {

/* Begin PBXBuildFile section */
		C978950A239ACFC500D65CB3 /* DesignTrayView.swift in Sources */ = {isa = PBXBuildFile; fileRef = C9789509239ACFC500D65CB3 /* DesignTrayView.swift */; };
		C978950C239ACFF700D65CB3 /* Extensions.swift in Sources */ = {isa = PBXBuildFile; fileRef = C978950B239ACFF700D65CB3 /* Extensions.swift */; };
		C978950E239ADED900D65CB3 /* NewShapeModalViewController.swift in Sources */ = {isa = PBXBuildFile; fileRef = C978950D239ADED900D65CB3 /* NewShapeModalViewController.swift */; };
		C9789510239ADF9F00D65CB3 /* ShapeSelectionSegmentedControl.swift in Sources */ = {isa = PBXBuildFile; fileRef = C978950F239ADF9F00D65CB3 /* ShapeSelectionSegmentedControl.swift */; };
		C9789512239AE02300D65CB3 /* ShapeSelectionControlItem.swift in Sources */ = {isa = PBXBuildFile; fileRef = C9789511239AE02300D65CB3 /* ShapeSelectionControlItem.swift */; };
		C9789514239B34CF00D65CB3 /* ModalShapeInputView.swift in Sources */ = {isa = PBXBuildFile; fileRef = C9789513239B34CF00D65CB3 /* ModalShapeInputView.swift */; };
		C9BBEF21238093EF0004F631 /* AppDelegate.swift in Sources */ = {isa = PBXBuildFile; fileRef = C9BBEF20238093EF0004F631 /* AppDelegate.swift */; };
		C9BBEF23238093EF0004F631 /* SceneDelegate.swift in Sources */ = {isa = PBXBuildFile; fileRef = C9BBEF22238093EF0004F631 /* SceneDelegate.swift */; };
		C9BBEF25238093EF0004F631 /* ViewController.swift in Sources */ = {isa = PBXBuildFile; fileRef = C9BBEF24238093EF0004F631 /* ViewController.swift */; };
		C9BBEF28238093EF0004F631 /* Main.storyboard in Resources */ = {isa = PBXBuildFile; fileRef = C9BBEF26238093EF0004F631 /* Main.storyboard */; };
		C9BBEF2A238093F20004F631 /* Assets.xcassets in Resources */ = {isa = PBXBuildFile; fileRef = C9BBEF29238093F20004F631 /* Assets.xcassets */; };
		C9BBEF2D238093F20004F631 /* LaunchScreen.storyboard in Resources */ = {isa = PBXBuildFile; fileRef = C9BBEF2B238093F20004F631 /* LaunchScreen.storyboard */; };
		C9BBEF35238095B80004F631 /* Grid.swift in Sources */ = {isa = PBXBuildFile; fileRef = C9BBEF34238095B80004F631 /* Grid.swift */; };
		C9BBEF37238096760004F631 /* Scene.swift in Sources */ = {isa = PBXBuildFile; fileRef = C9BBEF36238096760004F631 /* Scene.swift */; };
/* End PBXBuildFile section */

/* Begin PBXFileReference section */
		C9789509239ACFC500D65CB3 /* DesignTrayView.swift */ = {isa = PBXFileReference; lastKnownFileType = sourcecode.swift; path = DesignTrayView.swift; sourceTree = "<group>"; };
		C978950B239ACFF700D65CB3 /* Extensions.swift */ = {isa = PBXFileReference; lastKnownFileType = sourcecode.swift; path = Extensions.swift; sourceTree = "<group>"; };
		C978950D239ADED900D65CB3 /* NewShapeModalViewController.swift */ = {isa = PBXFileReference; lastKnownFileType = sourcecode.swift; path = NewShapeModalViewController.swift; sourceTree = "<group>"; };
		C978950F239ADF9F00D65CB3 /* ShapeSelectionSegmentedControl.swift */ = {isa = PBXFileReference; lastKnownFileType = sourcecode.swift; path = ShapeSelectionSegmentedControl.swift; sourceTree = "<group>"; };
		C9789511239AE02300D65CB3 /* ShapeSelectionControlItem.swift */ = {isa = PBXFileReference; lastKnownFileType = sourcecode.swift; path = ShapeSelectionControlItem.swift; sourceTree = "<group>"; };
		C9789513239B34CF00D65CB3 /* ModalShapeInputView.swift */ = {isa = PBXFileReference; lastKnownFileType = sourcecode.swift; path = ModalShapeInputView.swift; sourceTree = "<group>"; };
		C9BBEF1D238093EF0004F631 /* Kai.app */ = {isa = PBXFileReference; explicitFileType = wrapper.application; includeInIndex = 0; path = Kai.app; sourceTree = BUILT_PRODUCTS_DIR; };
		C9BBEF20238093EF0004F631 /* AppDelegate.swift */ = {isa = PBXFileReference; lastKnownFileType = sourcecode.swift; path = AppDelegate.swift; sourceTree = "<group>"; };
		C9BBEF22238093EF0004F631 /* SceneDelegate.swift */ = {isa = PBXFileReference; lastKnownFileType = sourcecode.swift; path = SceneDelegate.swift; sourceTree = "<group>"; };
		C9BBEF24238093EF0004F631 /* ViewController.swift */ = {isa = PBXFileReference; lastKnownFileType = sourcecode.swift; path = ViewController.swift; sourceTree = "<group>"; };
		C9BBEF27238093EF0004F631 /* Base */ = {isa = PBXFileReference; lastKnownFileType = file.storyboard; name = Base; path = Base.lproj/Main.storyboard; sourceTree = "<group>"; };
		C9BBEF29238093F20004F631 /* Assets.xcassets */ = {isa = PBXFileReference; lastKnownFileType = folder.assetcatalog; path = Assets.xcassets; sourceTree = "<group>"; };
		C9BBEF2C238093F20004F631 /* Base */ = {isa = PBXFileReference; lastKnownFileType = file.storyboard; name = Base; path = Base.lproj/LaunchScreen.storyboard; sourceTree = "<group>"; };
		C9BBEF2E238093F20004F631 /* Info.plist */ = {isa = PBXFileReference; lastKnownFileType = text.plist.xml; path = Info.plist; sourceTree = "<group>"; };
		C9BBEF34238095B80004F631 /* Grid.swift */ = {isa = PBXFileReference; lastKnownFileType = sourcecode.swift; path = Grid.swift; sourceTree = "<group>"; };
		C9BBEF36238096760004F631 /* Scene.swift */ = {isa = PBXFileReference; lastKnownFileType = sourcecode.swift; path = Scene.swift; sourceTree = "<group>"; };
/* End PBXFileReference section */

/* Begin PBXFrameworksBuildPhase section */
		C9BBEF1A238093EF0004F631 /* Frameworks */ = {
			isa = PBXFrameworksBuildPhase;
			buildActionMask = 2147483647;
			files = (
			);
			runOnlyForDeploymentPostprocessing = 0;
		};
/* End PBXFrameworksBuildPhase section */

/* Begin PBXGroup section */
		C9BBEF14238093EF0004F631 = {
			isa = PBXGroup;
			children = (
				C9BBEF1F238093EF0004F631 /* Kai */,
				C9BBEF1E238093EF0004F631 /* Products */,
			);
			sourceTree = "<group>";
		};
		C9BBEF1E238093EF0004F631 /* Products */ = {
			isa = PBXGroup;
			children = (
				C9BBEF1D238093EF0004F631 /* Kai.app */,
			);
			name = Products;
			sourceTree = "<group>";
		};
		C9BBEF1F238093EF0004F631 /* Kai */ = {
			isa = PBXGroup;
			children = (
				C9BBEF20238093EF0004F631 /* AppDelegate.swift */,
				C9BBEF22238093EF0004F631 /* SceneDelegate.swift */,
				C9BBEF24238093EF0004F631 /* ViewController.swift */,
				C9BBEF34238095B80004F631 /* Grid.swift */,
				C9BBEF36238096760004F631 /* Scene.swift */,
				C9BBEF26238093EF0004F631 /* Main.storyboard */,
				C9BBEF29238093F20004F631 /* Assets.xcassets */,
				C9BBEF2B238093F20004F631 /* LaunchScreen.storyboard */,
				C9BBEF2E238093F20004F631 /* Info.plist */,
				C9789509239ACFC500D65CB3 /* DesignTrayView.swift */,
				C978950B239ACFF700D65CB3 /* Extensions.swift */,
				C9789513239B34CF00D65CB3 /* ModalShapeInputView.swift */,
				C978950D239ADED900D65CB3 /* NewShapeModalViewController.swift */,
				C978950F239ADF9F00D65CB3 /* ShapeSelectionSegmentedControl.swift */,
				C9789511239AE02300D65CB3 /* ShapeSelectionControlItem.swift */,
			);
			path = Kai;
			sourceTree = "<group>";
		};
/* End PBXGroup section */

/* Begin PBXNativeTarget section */
		C9BBEF1C238093EF0004F631 /* Kai */ = {
			isa = PBXNativeTarget;
			buildConfigurationList = C9BBEF31238093F20004F631 /* Build configuration list for PBXNativeTarget "Kai" */;
			buildPhases = (
				C9BBEF19238093EF0004F631 /* Sources */,
				C9BBEF1A238093EF0004F631 /* Frameworks */,
				C9BBEF1B238093EF0004F631 /* Resources */,
			);
			buildRules = (
			);
			dependencies = (
			);
			name = Kai;
			productName = Kai;
			productReference = C9BBEF1D238093EF0004F631 /* Kai.app */;
			productType = "com.apple.product-type.application";
		};
/* End PBXNativeTarget section */

/* Begin PBXProject section */
		C9BBEF15238093EF0004F631 /* Project object */ = {
			isa = PBXProject;
			attributes = {
				LastSwiftUpdateCheck = 1120;
				LastUpgradeCheck = 1120;
				ORGANIZATIONNAME = sanch;
				TargetAttributes = {
					C9BBEF1C238093EF0004F631 = {
						CreatedOnToolsVersion = 11.2.1;
					};
				};
			};
			buildConfigurationList = C9BBEF18238093EF0004F631 /* Build configuration list for PBXProject "Kai" */;
			compatibilityVersion = "Xcode 9.3";
			developmentRegion = en;
			hasScannedForEncodings = 0;
			knownRegions = (
				en,
				Base,
			);
			mainGroup = C9BBEF14238093EF0004F631;
			productRefGroup = C9BBEF1E238093EF0004F631 /* Products */;
			projectDirPath = "";
			projectRoot = "";
			targets = (
				C9BBEF1C238093EF0004F631 /* Kai */,
			);
		};
/* End PBXProject section */

/* Begin PBXResourcesBuildPhase section */
		C9BBEF1B238093EF0004F631 /* Resources */ = {
			isa = PBXResourcesBuildPhase;
			buildActionMask = 2147483647;
			files = (
				C9BBEF2D238093F20004F631 /* LaunchScreen.storyboard in Resources */,
				C9BBEF2A238093F20004F631 /* Assets.xcassets in Resources */,
				C9BBEF28238093EF0004F631 /* Main.storyboard in Resources */,
			);
			runOnlyForDeploymentPostprocessing = 0;
		};
/* End PBXResourcesBuildPhase section */

/* Begin PBXSourcesBuildPhase section */
		C9BBEF19238093EF0004F631 /* Sources */ = {
			isa = PBXSourcesBuildPhase;
			buildActionMask = 2147483647;
			files = (
				C9BBEF25238093EF0004F631 /* ViewController.swift in Sources */,
				C978950E239ADED900D65CB3 /* NewShapeModalViewController.swift in Sources */,
				C9BBEF21238093EF0004F631 /* AppDelegate.swift in Sources */,
				C978950A239ACFC500D65CB3 /* DesignTrayView.swift in Sources */,
				C9BBEF37238096760004F631 /* Scene.swift in Sources */,
				C9BBEF23238093EF0004F631 /* SceneDelegate.swift in Sources */,
				C9BBEF35238095B80004F631 /* Grid.swift in Sources */,
				C9789512239AE02300D65CB3 /* ShapeSelectionControlItem.swift in Sources */,
				C9789510239ADF9F00D65CB3 /* ShapeSelectionSegmentedControl.swift in Sources */,
				C9789514239B34CF00D65CB3 /* ModalShapeInputView.swift in Sources */,
				C978950C239ACFF700D65CB3 /* Extensions.swift in Sources */,
			);
			runOnlyForDeploymentPostprocessing = 0;
		};
/* End PBXSourcesBuildPhase section */

/* Begin PBXVariantGroup section */
		C9BBEF26238093EF0004F631 /* Main.storyboard */ = {
			isa = PBXVariantGroup;
			children = (
				C9BBEF27238093EF0004F631 /* Base */,
			);
			name = Main.storyboard;
			sourceTree = "<group>";
		};
		C9BBEF2B238093F20004F631 /* LaunchScreen.storyboard */ = {
			isa = PBXVariantGroup;
			children = (
				C9BBEF2C238093F20004F631 /* Base */,
			);
			name = LaunchScreen.storyboard;
			sourceTree = "<group>";
		};
/* End PBXVariantGroup section */

/* Begin XCBuildConfiguration section */
		C9BBEF2F238093F20004F631 /* Debug */ = {
			isa = XCBuildConfiguration;
			buildSettings = {
				ALWAYS_SEARCH_USER_PATHS = NO;
				CLANG_ANALYZER_NONNULL = YES;
				CLANG_ANALYZER_NUMBER_OBJECT_CONVERSION = YES_AGGRESSIVE;
				CLANG_CXX_LANGUAGE_STANDARD = "gnu++14";
				CLANG_CXX_LIBRARY = "libc++";
				CLANG_ENABLE_MODULES = YES;
				CLANG_ENABLE_OBJC_ARC = YES;
				CLANG_ENABLE_OBJC_WEAK = YES;
				CLANG_WARN_BLOCK_CAPTURE_AUTORELEASING = YES;
				CLANG_WARN_BOOL_CONVERSION = YES;
				CLANG_WARN_COMMA = YES;
				CLANG_WARN_CONSTANT_CONVERSION = YES;
				CLANG_WARN_DEPRECATED_OBJC_IMPLEMENTATIONS = YES;
				CLANG_WARN_DIRECT_OBJC_ISA_USAGE = YES_ERROR;
				CLANG_WARN_DOCUMENTATION_COMMENTS = YES;
				CLANG_WARN_EMPTY_BODY = YES;
				CLANG_WARN_ENUM_CONVERSION = YES;
				CLANG_WARN_INFINITE_RECURSION = YES;
				CLANG_WARN_INT_CONVERSION = YES;
				CLANG_WARN_NON_LITERAL_NULL_CONVERSION = YES;
				CLANG_WARN_OBJC_IMPLICIT_RETAIN_SELF = YES;
				CLANG_WARN_OBJC_LITERAL_CONVERSION = YES;
				CLANG_WARN_OBJC_ROOT_CLASS = YES_ERROR;
				CLANG_WARN_RANGE_LOOP_ANALYSIS = YES;
				CLANG_WARN_STRICT_PROTOTYPES = YES;
				CLANG_WARN_SUSPICIOUS_MOVE = YES;
				CLANG_WARN_UNGUARDED_AVAILABILITY = YES_AGGRESSIVE;
				CLANG_WARN_UNREACHABLE_CODE = YES;
				CLANG_WARN__DUPLICATE_METHOD_MATCH = YES;
				COPY_PHASE_STRIP = NO;
				DEBUG_INFORMATION_FORMAT = dwarf;
				ENABLE_STRICT_OBJC_MSGSEND = YES;
				ENABLE_TESTABILITY = YES;
				GCC_C_LANGUAGE_STANDARD = gnu11;
				GCC_DYNAMIC_NO_PIC = NO;
				GCC_NO_COMMON_BLOCKS = YES;
				GCC_OPTIMIZATION_LEVEL = 0;
				GCC_PREPROCESSOR_DEFINITIONS = (
					"DEBUG=1",
					"$(inherited)",
				);
				GCC_WARN_64_TO_32_BIT_CONVERSION = YES;
				GCC_WARN_ABOUT_RETURN_TYPE = YES_ERROR;
				GCC_WARN_UNDECLARED_SELECTOR = YES;
				GCC_WARN_UNINITIALIZED_AUTOS = YES_AGGRESSIVE;
				GCC_WARN_UNUSED_FUNCTION = YES;
				GCC_WARN_UNUSED_VARIABLE = YES;
				IPHONEOS_DEPLOYMENT_TARGET = 13.2;
				MTL_ENABLE_DEBUG_INFO = INCLUDE_SOURCE;
				MTL_FAST_MATH = YES;
				ONLY_ACTIVE_ARCH = YES;
				SDKROOT = iphoneos;
				SWIFT_ACTIVE_COMPILATION_CONDITIONS = DEBUG;
				SWIFT_OPTIMIZATION_LEVEL = "-Onone";
			};
			name = Debug;
		};
		C9BBEF30238093F20004F631 /* Release */ = {
			isa = XCBuildConfiguration;
			buildSettings = {
				ALWAYS_SEARCH_USER_PATHS = NO;
				CLANG_ANALYZER_NONNULL = YES;
				CLANG_ANALYZER_NUMBER_OBJECT_CONVERSION = YES_AGGRESSIVE;
				CLANG_CXX_LANGUAGE_STANDARD = "gnu++14";
				CLANG_CXX_LIBRARY = "libc++";
				CLANG_ENABLE_MODULES = YES;
				CLANG_ENABLE_OBJC_ARC = YES;
				CLANG_ENABLE_OBJC_WEAK = YES;
				CLANG_WARN_BLOCK_CAPTURE_AUTORELEASING = YES;
				CLANG_WARN_BOOL_CONVERSION = YES;
				CLANG_WARN_COMMA = YES;
				CLANG_WARN_CONSTANT_CONVERSION = YES;
				CLANG_WARN_DEPRECATED_OBJC_IMPLEMENTATIONS = YES;
				CLANG_WARN_DIRECT_OBJC_ISA_USAGE = YES_ERROR;
				CLANG_WARN_DOCUMENTATION_COMMENTS = YES;
				CLANG_WARN_EMPTY_BODY = YES;
				CLANG_WARN_ENUM_CONVERSION = YES;
				CLANG_WARN_INFINITE_RECURSION = YES;
				CLANG_WARN_INT_CONVERSION = YES;
				CLANG_WARN_NON_LITERAL_NULL_CONVERSION = YES;
				CLANG_WARN_OBJC_IMPLICIT_RETAIN_SELF = YES;
				CLANG_WARN_OBJC_LITERAL_CONVERSION = YES;
				CLANG_WARN_OBJC_ROOT_CLASS = YES_ERROR;
				CLANG_WARN_RANGE_LOOP_ANALYSIS = YES;
				CLANG_WARN_STRICT_PROTOTYPES = YES;
				CLANG_WARN_SUSPICIOUS_MOVE = YES;
				CLANG_WARN_UNGUARDED_AVAILABILITY = YES_AGGRESSIVE;
				CLANG_WARN_UNREACHABLE_CODE = YES;
				CLANG_WARN__DUPLICATE_METHOD_MATCH = YES;
				COPY_PHASE_STRIP = NO;
				DEBUG_INFORMATION_FORMAT = "dwarf-with-dsym";
				ENABLE_NS_ASSERTIONS = NO;
				ENABLE_STRICT_OBJC_MSGSEND = YES;
				GCC_C_LANGUAGE_STANDARD = gnu11;
				GCC_NO_COMMON_BLOCKS = YES;
				GCC_WARN_64_TO_32_BIT_CONVERSION = YES;
				GCC_WARN_ABOUT_RETURN_TYPE = YES_ERROR;
				GCC_WARN_UNDECLARED_SELECTOR = YES;
				GCC_WARN_UNINITIALIZED_AUTOS = YES_AGGRESSIVE;
				GCC_WARN_UNUSED_FUNCTION = YES;
				GCC_WARN_UNUSED_VARIABLE = YES;
				IPHONEOS_DEPLOYMENT_TARGET = 13.2;
				MTL_ENABLE_DEBUG_INFO = NO;
				MTL_FAST_MATH = YES;
				SDKROOT = iphoneos;
				SWIFT_COMPILATION_MODE = wholemodule;
				SWIFT_OPTIMIZATION_LEVEL = "-O";
				VALIDATE_PRODUCT = YES;
			};
			name = Release;
		};
		C9BBEF32238093F20004F631 /* Debug */ = {
			isa = XCBuildConfiguration;
			buildSettings = {
				ASSETCATALOG_COMPILER_APPICON_NAME = AppIcon;
				CODE_SIGN_STYLE = Automatic;
				DEVELOPMENT_TEAM = U3465V32BF;
				INFOPLIST_FILE = Kai/Info.plist;
				LD_RUNPATH_SEARCH_PATHS = (
					"$(inherited)",
					"@executable_path/Frameworks",
				);
				PRODUCT_BUNDLE_IDENTIFIER = com.sanch.Kai;
				PRODUCT_NAME = "$(TARGET_NAME)";
				SWIFT_VERSION = 5.0;
				TARGETED_DEVICE_FAMILY = 2;
			};
			name = Debug;
		};
		C9BBEF33238093F20004F631 /* Release */ = {
			isa = XCBuildConfiguration;
			buildSettings = {
				ASSETCATALOG_COMPILER_APPICON_NAME = AppIcon;
				CODE_SIGN_STYLE = Automatic;
				DEVELOPMENT_TEAM = U3465V32BF;
				INFOPLIST_FILE = Kai/Info.plist;
				LD_RUNPATH_SEARCH_PATHS = (
					"$(inherited)",
					"@executable_path/Frameworks",
				);
				PRODUCT_BUNDLE_IDENTIFIER = com.sanch.Kai;
				PRODUCT_NAME = "$(TARGET_NAME)";
				SWIFT_VERSION = 5.0;
				TARGETED_DEVICE_FAMILY = 2;
			};
			name = Release;
		};
/* End XCBuildConfiguration section */

/* Begin XCConfigurationList section */
		C9BBEF18238093EF0004F631 /* Build configuration list for PBXProject "Kai" */ = {
			isa = XCConfigurationList;
			buildConfigurations = (
				C9BBEF2F238093F20004F631 /* Debug */,
				C9BBEF30238093F20004F631 /* Release */,
			);
			defaultConfigurationIsVisible = 0;
			defaultConfigurationName = Release;
		};
		C9BBEF31238093F20004F631 /* Build configuration list for PBXNativeTarget "Kai" */ = {
			isa = XCConfigurationList;
			buildConfigurations = (
				C9BBEF32238093F20004F631 /* Debug */,
				C9BBEF33238093F20004F631 /* Release */,
			);
			defaultConfigurationIsVisible = 0;
			defaultConfigurationName = Release;
		};
/* End XCConfigurationList section */
	};
	rootObject = C9BBEF15238093EF0004F631 /* Project object */;
}
